// !$*UTF8*$!
{
	archiveVersion = 1;
	classes = {
	};
	objectVersion = 46;
	objects = {

/* Begin PBXBuildFile section */
		DA4F793F1FA203AB000A36E5 /* XCTestSample.swift in Sources */ = {isa = PBXBuildFile; fileRef = DA4F793E1FA203AB000A36E5 /* XCTestSample.swift */; };
		DA4F79441FA2052F000A36E5 /* QuickSampleTest.swift in Sources */ = {isa = PBXBuildFile; fileRef = DA4F79421FA204D7000A36E5 /* QuickSampleTest.swift */; };
		DA4F794C1FA21574000A36E5 /* AppDelegate.swift in Sources */ = {isa = PBXBuildFile; fileRef = DA4F794A1FA21573000A36E5 /* AppDelegate.swift */; };
		DA4F794F1FA21588000A36E5 /* Assets.xcassets in Resources */ = {isa = PBXBuildFile; fileRef = DA4F794E1FA21588000A36E5 /* Assets.xcassets */; };
		DA4F795A1FA2161A000A36E5 /* Main.storyboard in Resources */ = {isa = PBXBuildFile; fileRef = DA4F79561FA215C9000A36E5 /* Main.storyboard */; };
		DA4F795B1FA2161E000A36E5 /* LaunchScreen.storyboard in Resources */ = {isa = PBXBuildFile; fileRef = DA4F79541FA215C9000A36E5 /* LaunchScreen.storyboard */; };
		DA4F795C1FA21634000A36E5 /* ViewController.swift in Sources */ = {isa = PBXBuildFile; fileRef = DA4F794B1FA21574000A36E5 /* ViewController.swift */; };
		DA4F795E1FA2184F000A36E5 /* SampleClass.swift in Sources */ = {isa = PBXBuildFile; fileRef = DA4F795D1FA2184F000A36E5 /* SampleClass.swift */; };
		DA4F79621FA21859000A36E5 /* slideshow.h in Headers */ = {isa = PBXBuildFile; fileRef = DA4F79601FA21859000A36E5 /* slideshow.h */; };
		DA4F79641FA21862000A36E5 /* FrameworkAssets.xcassets in Resources */ = {isa = PBXBuildFile; fileRef = DA4F79631FA21862000A36E5 /* FrameworkAssets.xcassets */; };
		DAB8CE0B1EF97A8F0019E04F /* frameworkstarter.framework in Frameworks */ = {isa = PBXBuildFile; fileRef = DAE7A3F81E8BDBED0094FDBB /* frameworkstarter.framework */; };
		DAB8CE0C1EF97A8F0019E04F /* frameworkstarter.framework in Embed Frameworks */ = {isa = PBXBuildFile; fileRef = DAE7A3F81E8BDBED0094FDBB /* frameworkstarter.framework */; settings = {ATTRIBUTES = (CodeSignOnCopy, RemoveHeadersOnCopy, ); }; };
		DAC75DB71ED4204700C84F4C /* test.png in Resources */ = {isa = PBXBuildFile; fileRef = DAC75DB61ED4204700C84F4C /* test.png */; };
/* End PBXBuildFile section */

/* Begin PBXContainerItemProxy section */
		DAB8CE0D1EF97A8F0019E04F /* PBXContainerItemProxy */ = {
			isa = PBXContainerItemProxy;
			containerPortal = DAE7A3EF1E8BDBED0094FDBB /* Project object */;
			proxyType = 1;
			remoteGlobalIDString = DAE7A3F71E8BDBED0094FDBB;
			remoteInfo = cloudimporter;
		};
		DAE1C45D1ECC669000B602EF /* PBXContainerItemProxy */ = {
			isa = PBXContainerItemProxy;
			containerPortal = DAE7A3EF1E8BDBED0094FDBB /* Project object */;
			proxyType = 1;
			remoteGlobalIDString = DAE1C43C1ECC630B00B602EF;
			remoteInfo = cloudpickersample;
		};
/* End PBXContainerItemProxy section */

/* Begin PBXCopyFilesBuildPhase section */
		DAB8CE0F1EF97A8F0019E04F /* Embed Frameworks */ = {
			isa = PBXCopyFilesBuildPhase;
			buildActionMask = 2147483647;
			dstPath = "";
			dstSubfolderSpec = 10;
			files = (
				DAB8CE0C1EF97A8F0019E04F /* frameworkstarter.framework in Embed Frameworks */,
			);
			name = "Embed Frameworks";
			runOnlyForDeploymentPostprocessing = 0;
		};
		DAE1C4641ECC66B600B602EF /* CopyFiles */ = {
			isa = PBXCopyFilesBuildPhase;
			buildActionMask = 2147483647;
			dstPath = "";
			dstSubfolderSpec = 10;
			files = (
			);
			runOnlyForDeploymentPostprocessing = 0;
		};
/* End PBXCopyFilesBuildPhase section */

/* Begin PBXFileReference section */
		DA4F793D1FA203AB000A36E5 /* sampleApplicationTests-Bridging-Header.h */ = {isa = PBXFileReference; lastKnownFileType = sourcecode.c.h; path = "sampleApplicationTests-Bridging-Header.h"; sourceTree = "<group>"; };
		DA4F793E1FA203AB000A36E5 /* XCTestSample.swift */ = {isa = PBXFileReference; lastKnownFileType = sourcecode.swift; path = XCTestSample.swift; sourceTree = "<group>"; };
		DA4F79421FA204D7000A36E5 /* QuickSampleTest.swift */ = {isa = PBXFileReference; lastKnownFileType = sourcecode.swift; path = QuickSampleTest.swift; sourceTree = "<group>"; };
		DA4F79451FA21435000A36E5 /* Info.plist */ = {isa = PBXFileReference; fileEncoding = 4; lastKnownFileType = text.plist.xml; name = Info.plist; path = applicationSample/Info.plist; sourceTree = SOURCE_ROOT; };
		DA4F794A1FA21573000A36E5 /* AppDelegate.swift */ = {isa = PBXFileReference; fileEncoding = 4; lastKnownFileType = sourcecode.swift; name = AppDelegate.swift; path = applicationSample/sample/AppDelegate.swift; sourceTree = SOURCE_ROOT; };
		DA4F794B1FA21574000A36E5 /* ViewController.swift */ = {isa = PBXFileReference; fileEncoding = 4; lastKnownFileType = sourcecode.swift; name = ViewController.swift; path = applicationSample/sample/ViewController.swift; sourceTree = SOURCE_ROOT; };
		DA4F794E1FA21588000A36E5 /* Assets.xcassets */ = {isa = PBXFileReference; lastKnownFileType = folder.assetcatalog; name = Assets.xcassets; path = applicationSample/sample/Assets.xcassets; sourceTree = SOURCE_ROOT; };
		DA4F79551FA215C9000A36E5 /* Base */ = {isa = PBXFileReference; lastKnownFileType = file.storyboard; name = Base; path = LaunchScreen.storyboard; sourceTree = "<group>"; };
		DA4F79571FA215C9000A36E5 /* Base */ = {isa = PBXFileReference; lastKnownFileType = file.storyboard; name = Base; path = Main.storyboard; sourceTree = "<group>"; };
		DA4F795D1FA2184F000A36E5 /* SampleClass.swift */ = {isa = PBXFileReference; fileEncoding = 4; lastKnownFileType = sourcecode.swift; name = SampleClass.swift; path = framework/core/SampleClass.swift; sourceTree = SOURCE_ROOT; };
		DA4F795F1FA21859000A36E5 /* Info.plist */ = {isa = PBXFileReference; fileEncoding = 4; lastKnownFileType = text.plist.xml; name = Info.plist; path = framework/Info.plist; sourceTree = SOURCE_ROOT; };
		DA4F79601FA21859000A36E5 /* slideshow.h */ = {isa = PBXFileReference; fileEncoding = 4; lastKnownFileType = sourcecode.c.h; name = slideshow.h; path = framework/slideshow.h; sourceTree = SOURCE_ROOT; };
		DA4F79631FA21862000A36E5 /* FrameworkAssets.xcassets */ = {isa = PBXFileReference; lastKnownFileType = folder.assetcatalog; name = FrameworkAssets.xcassets; path = framework/FrameworkAssets.xcassets; sourceTree = SOURCE_ROOT; };
		DAC75DB61ED4204700C84F4C /* test.png */ = {isa = PBXFileReference; lastKnownFileType = image.png; name = test.png; path = ../../resources/test.png; sourceTree = "<group>"; };
		DAE1C43D1ECC630B00B602EF /* sampleApplication.app */ = {isa = PBXFileReference; explicitFileType = wrapper.application; includeInIndex = 0; path = sampleApplication.app; sourceTree = BUILT_PRODUCTS_DIR; };
		DAE1C4581ECC669000B602EF /* sampleApplicationTests.xctest */ = {isa = PBXFileReference; explicitFileType = wrapper.cfbundle; includeInIndex = 0; path = sampleApplicationTests.xctest; sourceTree = BUILT_PRODUCTS_DIR; };
		DAE1C45C1ECC669000B602EF /* Info.plist */ = {isa = PBXFileReference; lastKnownFileType = text.plist.xml; path = Info.plist; sourceTree = "<group>"; };
		DAE1C4691ECC6D0100B602EF /* Nimble.framework */ = {isa = PBXFileReference; lastKnownFileType = wrapper.framework; name = Nimble.framework; path = ../Carthage/Build/iOS/Nimble.framework; sourceTree = "<group>"; };
		DAE1C46A1ECC6D0100B602EF /* Quick.framework */ = {isa = PBXFileReference; lastKnownFileType = wrapper.framework; name = Quick.framework; path = ../Carthage/Build/iOS/Quick.framework; sourceTree = "<group>"; };
		DAE7A3F81E8BDBED0094FDBB /* frameworkstarter.framework */ = {isa = PBXFileReference; explicitFileType = wrapper.framework; includeInIndex = 0; path = frameworkstarter.framework; sourceTree = BUILT_PRODUCTS_DIR; };
/* End PBXFileReference section */

/* Begin PBXFrameworksBuildPhase section */
		DAE1C43A1ECC630B00B602EF /* Frameworks */ = {
			isa = PBXFrameworksBuildPhase;
			buildActionMask = 2147483647;
			files = (
				DAB8CE0B1EF97A8F0019E04F /* frameworkstarter.framework in Frameworks */,
			);
			runOnlyForDeploymentPostprocessing = 0;
		};
		DAE1C4551ECC669000B602EF /* Frameworks */ = {
			isa = PBXFrameworksBuildPhase;
			buildActionMask = 2147483647;
			files = (
			);
			runOnlyForDeploymentPostprocessing = 0;
		};
		DAE7A3F41E8BDBED0094FDBB /* Frameworks */ = {
			isa = PBXFrameworksBuildPhase;
			buildActionMask = 2147483647;
			files = (
			);
			runOnlyForDeploymentPostprocessing = 0;
		};
/* End PBXFrameworksBuildPhase section */

/* Begin PBXGroup section */
		DA4F79531FA215C9000A36E5 /* Base.lproj */ = {
			isa = PBXGroup;
			children = (
				DA4F79541FA215C9000A36E5 /* LaunchScreen.storyboard */,
				DA4F79561FA215C9000A36E5 /* Main.storyboard */,
			);
			name = Base.lproj;
			path = applicationSample/Base.lproj;
			sourceTree = SOURCE_ROOT;
		};
		DAE1C43E1ECC630B00B602EF /*  🔧 application sample */ = {
			isa = PBXGroup;
			children = (
				DAFFC1031F9B473A009777FD /* sample */,
				DA4F79531FA215C9000A36E5 /* Base.lproj */,
				DA4F79451FA21435000A36E5 /* Info.plist */,
			);
			name = " 🔧 application sample";
			path = applicationSample;
			sourceTree = "<group>";
		};
		DAE1C4591ECC669000B602EF /* applicationTests */ = {
			isa = PBXGroup;
			children = (
				DA4F79421FA204D7000A36E5 /* QuickSampleTest.swift */,
				DA4F793E1FA203AB000A36E5 /* XCTestSample.swift */,
				DAC75DB61ED4204700C84F4C /* test.png */,
				DAE1C45C1ECC669000B602EF /* Info.plist */,
				DA4F793D1FA203AB000A36E5 /* sampleApplicationTests-Bridging-Header.h */,
			);
			path = applicationTests;
			sourceTree = "<group>";
		};
		DAE7A3EE1E8BDBED0094FDBB = {
			isa = PBXGroup;
			children = (
				DAE7A3FA1E8BDBED0094FDBB /*  📦 framework */,
				DAE1C43E1ECC630B00B602EF /*  🔧 application sample */,
				DAE1C4591ECC669000B602EF /* applicationTests */,
				DAE7A3F91E8BDBED0094FDBB /* Products */,
				DAE7A4121E8BFC430094FDBB /* Frameworks */,
			);
			sourceTree = "<group>";
		};
		DAE7A3F91E8BDBED0094FDBB /* Products */ = {
			isa = PBXGroup;
			children = (
				DAE7A3F81E8BDBED0094FDBB /* frameworkstarter.framework */,
				DAE1C43D1ECC630B00B602EF /* sampleApplication.app */,
				DAE1C4581ECC669000B602EF /* sampleApplicationTests.xctest */,
			);
			name = Products;
			sourceTree = "<group>";
		};
		DAE7A3FA1E8BDBED0094FDBB /*  📦 framework */ = {
			isa = PBXGroup;
			children = (
				DA4F79631FA21862000A36E5 /* FrameworkAssets.xcassets */,
				DAFFC0B41F9B4598009777FD /* core */,
				DAE7A4351E8C28240094FDBB /* System */,
			);
			name = " 📦 framework";
			path = framework;
			sourceTree = "<group>";
		};
		DAE7A4121E8BFC430094FDBB /* Frameworks */ = {
			isa = PBXGroup;
			children = (
				DAE1C4691ECC6D0100B602EF /* Nimble.framework */,
				DAE1C46A1ECC6D0100B602EF /* Quick.framework */,
			);
			name = Frameworks;
			sourceTree = "<group>";
		};
		DAE7A4351E8C28240094FDBB /* System */ = {
			isa = PBXGroup;
			children = (
				DA4F795F1FA21859000A36E5 /* Info.plist */,
				DA4F79601FA21859000A36E5 /* slideshow.h */,
			);
			name = System;
			sourceTree = "<group>";
		};
		DAFFC0B41F9B4598009777FD /* core */ = {
			isa = PBXGroup;
			children = (
				DA4F795D1FA2184F000A36E5 /* SampleClass.swift */,
			);
			path = core;
			sourceTree = "<group>";
		};
		DAFFC1031F9B473A009777FD /* sample */ = {
			isa = PBXGroup;
			children = (
				DA4F794E1FA21588000A36E5 /* Assets.xcassets */,
				DA4F794A1FA21573000A36E5 /* AppDelegate.swift */,
				DA4F794B1FA21574000A36E5 /* ViewController.swift */,
			);
			path = sample;
			sourceTree = "<group>";
		};
/* End PBXGroup section */

/* Begin PBXHeadersBuildPhase section */
		DAE7A3F51E8BDBED0094FDBB /* Headers */ = {
			isa = PBXHeadersBuildPhase;
			buildActionMask = 2147483647;
			files = (
				DA4F79621FA21859000A36E5 /* slideshow.h in Headers */,
			);
			runOnlyForDeploymentPostprocessing = 0;
		};
/* End PBXHeadersBuildPhase section */

/* Begin PBXNativeTarget section */
		DAE1C43C1ECC630B00B602EF /* sampleApplication */ = {
			isa = PBXNativeTarget;
			buildConfigurationList = DAE1C44C1ECC630C00B602EF /* Build configuration list for PBXNativeTarget "sampleApplication" */;
			buildPhases = (
				DAE1C4391ECC630B00B602EF /* Sources */,
				DAE1C43A1ECC630B00B602EF /* Frameworks */,
				DAE1C43B1ECC630B00B602EF /* Resources */,
				DAB8CE0F1EF97A8F0019E04F /* Embed Frameworks */,
			);
			buildRules = (
			);
			dependencies = (
				DAB8CE0E1EF97A8F0019E04F /* PBXTargetDependency */,
			);
			name = sampleApplication;
			productName = cloudpickersample;
			productReference = DAE1C43D1ECC630B00B602EF /* sampleApplication.app */;
			productType = "com.apple.product-type.application";
		};
		DAE1C4571ECC669000B602EF /* sampleApplicationTests */ = {
			isa = PBXNativeTarget;
			buildConfigurationList = DAE1C45F1ECC669000B602EF /* Build configuration list for PBXNativeTarget "sampleApplicationTests" */;
			buildPhases = (
				DAE1C4541ECC669000B602EF /* Sources */,
				DAE1C4551ECC669000B602EF /* Frameworks */,
				DAE1C4561ECC669000B602EF /* Resources */,
				DAE1C4641ECC66B600B602EF /* CopyFiles */,
			);
			buildRules = (
			);
			dependencies = (
				DAE1C45E1ECC669000B602EF /* PBXTargetDependency */,
			);
			name = sampleApplicationTests;
			productName = cloudpickersampleTests;
			productReference = DAE1C4581ECC669000B602EF /* sampleApplicationTests.xctest */;
			productType = "com.apple.product-type.bundle.unit-test";
		};
		DAE7A3F71E8BDBED0094FDBB /* frameworkstarter */ = {
			isa = PBXNativeTarget;
			buildConfigurationList = DAE7A40C1E8BDBED0094FDBB /* Build configuration list for PBXNativeTarget "frameworkstarter" */;
			buildPhases = (
				DAE7A3F31E8BDBED0094FDBB /* Sources */,
				DAE7A3F41E8BDBED0094FDBB /* Frameworks */,
				DAE7A3F51E8BDBED0094FDBB /* Headers */,
				DAE7A3F61E8BDBED0094FDBB /* Resources */,
			);
			buildRules = (
			);
			dependencies = (
			);
			name = frameworkstarter;
			productName = cloudimporter;
			productReference = DAE7A3F81E8BDBED0094FDBB /* frameworkstarter.framework */;
			productType = "com.apple.product-type.framework";
		};
/* End PBXNativeTarget section */

/* Begin PBXProject section */
		DAE7A3EF1E8BDBED0094FDBB /* Project object */ = {
			isa = PBXProject;
			attributes = {
				LastSwiftUpdateCheck = 0910;
				LastUpgradeCheck = 1020;
				ORGANIZATIONNAME = "Rocket Garden Labs";
				TargetAttributes = {
					DAE1C43C1ECC630B00B602EF = {
						CreatedOnToolsVersion = 8.3.2;
						DevelopmentTeam = 8YK5LLH2LY;
						LastSwiftMigration = 1020;
						ProvisioningStyle = Automatic;
					};
					DAE1C4571ECC669000B602EF = {
						CreatedOnToolsVersion = 8.3.2;
						DevelopmentTeam = 8YK5LLH2LY;
						LastSwiftMigration = 0910;
						ProvisioningStyle = Automatic;
						TestTargetID = DAE1C43C1ECC630B00B602EF;
					};
					DAE7A3F71E8BDBED0094FDBB = {
						CreatedOnToolsVersion = 8.2.1;
						DevelopmentTeam = 8YK5LLH2LY;
						LastSwiftMigration = 1020;
						ProvisioningStyle = Automatic;
					};
				};
			};
			buildConfigurationList = DAE7A3F21E8BDBED0094FDBB /* Build configuration list for PBXProject "rgimporter" */;
			compatibilityVersion = "Xcode 3.2";
			developmentRegion = en;
			hasScannedForEncodings = 0;
			knownRegions = (
				en,
				Base,
			);
			mainGroup = DAE7A3EE1E8BDBED0094FDBB;
			productRefGroup = DAE7A3F91E8BDBED0094FDBB /* Products */;
			projectDirPath = "";
			projectRoot = "";
			targets = (
				DAE7A3F71E8BDBED0094FDBB /* frameworkstarter */,
				DAE1C43C1ECC630B00B602EF /* sampleApplication */,
				DAE1C4571ECC669000B602EF /* sampleApplicationTests */,
			);
		};
/* End PBXProject section */

/* Begin PBXResourcesBuildPhase section */
		DAE1C43B1ECC630B00B602EF /* Resources */ = {
			isa = PBXResourcesBuildPhase;
			buildActionMask = 2147483647;
			files = (
				DA4F795A1FA2161A000A36E5 /* Main.storyboard in Resources */,
				DA4F795B1FA2161E000A36E5 /* LaunchScreen.storyboard in Resources */,
			);
			runOnlyForDeploymentPostprocessing = 0;
		};
		DAE1C4561ECC669000B602EF /* Resources */ = {
			isa = PBXResourcesBuildPhase;
			buildActionMask = 2147483647;
			files = (
				DAC75DB71ED4204700C84F4C /* test.png in Resources */,
			);
			runOnlyForDeploymentPostprocessing = 0;
		};
		DAE7A3F61E8BDBED0094FDBB /* Resources */ = {
			isa = PBXResourcesBuildPhase;
			buildActionMask = 2147483647;
			files = (
				DA4F79641FA21862000A36E5 /* FrameworkAssets.xcassets in Resources */,
				DA4F794F1FA21588000A36E5 /* Assets.xcassets in Resources */,
			);
			runOnlyForDeploymentPostprocessing = 0;
		};
/* End PBXResourcesBuildPhase section */

/* Begin PBXSourcesBuildPhase section */
		DAE1C4391ECC630B00B602EF /* Sources */ = {
			isa = PBXSourcesBuildPhase;
			buildActionMask = 2147483647;
			files = (
				DA4F795C1FA21634000A36E5 /* ViewController.swift in Sources */,
			);
			runOnlyForDeploymentPostprocessing = 0;
		};
		DAE1C4541ECC669000B602EF /* Sources */ = {
			isa = PBXSourcesBuildPhase;
			buildActionMask = 2147483647;
			files = (
				DA4F793F1FA203AB000A36E5 /* XCTestSample.swift in Sources */,
				DA4F79441FA2052F000A36E5 /* QuickSampleTest.swift in Sources */,
			);
			runOnlyForDeploymentPostprocessing = 0;
		};
		DAE7A3F31E8BDBED0094FDBB /* Sources */ = {
			isa = PBXSourcesBuildPhase;
			buildActionMask = 2147483647;
			files = (
				DA4F795E1FA2184F000A36E5 /* SampleClass.swift in Sources */,
				DA4F794C1FA21574000A36E5 /* AppDelegate.swift in Sources */,
			);
			runOnlyForDeploymentPostprocessing = 0;
		};
/* End PBXSourcesBuildPhase section */

/* Begin PBXTargetDependency section */
		DAB8CE0E1EF97A8F0019E04F /* PBXTargetDependency */ = {
			isa = PBXTargetDependency;
			target = DAE7A3F71E8BDBED0094FDBB /* frameworkstarter */;
			targetProxy = DAB8CE0D1EF97A8F0019E04F /* PBXContainerItemProxy */;
		};
		DAE1C45E1ECC669000B602EF /* PBXTargetDependency */ = {
			isa = PBXTargetDependency;
			target = DAE1C43C1ECC630B00B602EF /* sampleApplication */;
			targetProxy = DAE1C45D1ECC669000B602EF /* PBXContainerItemProxy */;
		};
/* End PBXTargetDependency section */

/* Begin PBXVariantGroup section */
		DA4F79541FA215C9000A36E5 /* LaunchScreen.storyboard */ = {
			isa = PBXVariantGroup;
			children = (
				DA4F79551FA215C9000A36E5 /* Base */,
			);
			name = LaunchScreen.storyboard;
			sourceTree = "<group>";
		};
		DA4F79561FA215C9000A36E5 /* Main.storyboard */ = {
			isa = PBXVariantGroup;
			children = (
				DA4F79571FA215C9000A36E5 /* Base */,
			);
			name = Main.storyboard;
			sourceTree = "<group>";
		};
/* End PBXVariantGroup section */

/* Begin XCBuildConfiguration section */
		DAE1C44D1ECC630C00B602EF /* Debug */ = {
			isa = XCBuildConfiguration;
			buildSettings = {
				ALWAYS_EMBED_SWIFT_STANDARD_LIBRARIES = YES;
				ASSETCATALOG_COMPILER_APPICON_NAME = AppIcon;
				ASSETCATALOG_COMPILER_LAUNCHIMAGE_NAME = LaunchImage;
				CLANG_ANALYZER_NUMBER_OBJECT_CONVERSION = YES_AGGRESSIVE;
				"CODE_SIGN_IDENTITY[sdk=iphoneos*]" = "iPhone Developer";
				DEVELOPMENT_TEAM = 8YK5LLH2LY;
				FRAMEWORK_SEARCH_PATHS = "$(SRCROOT)/../Carthage/Build/iOS/";
				INFOPLIST_FILE = applicationSample/Info.plist;
				IPHONEOS_DEPLOYMENT_TARGET = 10.0;
				LD_RUNPATH_SEARCH_PATHS = "$(inherited) @executable_path/Frameworks";
				PRODUCT_BUNDLE_IDENTIFIER = com.rocketgardenlabs.webgallery;
				PRODUCT_NAME = "$(TARGET_NAME)";
				PROVISIONING_PROFILE_SPECIFIER = "";
				SWIFT_VERSION = 5.0;
			};
			name = Debug;
		};
		DAE1C44E1ECC630C00B602EF /* Release */ = {
			isa = XCBuildConfiguration;
			buildSettings = {
				ALWAYS_EMBED_SWIFT_STANDARD_LIBRARIES = YES;
				ASSETCATALOG_COMPILER_APPICON_NAME = AppIcon;
				ASSETCATALOG_COMPILER_LAUNCHIMAGE_NAME = LaunchImage;
				CLANG_ANALYZER_NUMBER_OBJECT_CONVERSION = YES_AGGRESSIVE;
				"CODE_SIGN_IDENTITY[sdk=iphoneos*]" = "iPhone Developer";
				DEVELOPMENT_TEAM = 8YK5LLH2LY;
				FRAMEWORK_SEARCH_PATHS = "$(SRCROOT)/../Carthage/Build/iOS/";
				INFOPLIST_FILE = applicationSample/Info.plist;
				IPHONEOS_DEPLOYMENT_TARGET = 10.0;
				LD_RUNPATH_SEARCH_PATHS = "$(inherited) @executable_path/Frameworks";
				PRODUCT_BUNDLE_IDENTIFIER = com.rocketgardenlabs.webgallery;
				PRODUCT_NAME = "$(TARGET_NAME)";
				PROVISIONING_PROFILE_SPECIFIER = "";
				SWIFT_VERSION = 5.0;
			};
			name = Release;
		};
		DAE1C4601ECC669000B602EF /* Debug */ = {
			isa = XCBuildConfiguration;
			buildSettings = {
				ALWAYS_EMBED_SWIFT_STANDARD_LIBRARIES = YES;
				BUNDLE_LOADER = "$(TEST_HOST)";
				CLANG_ANALYZER_NUMBER_OBJECT_CONVERSION = YES_AGGRESSIVE;
				CLANG_ENABLE_MODULES = YES;
				DEVELOPMENT_TEAM = 8YK5LLH2LY;
				FRAMEWORK_SEARCH_PATHS = "$(SRCROOT)/../Carthage/Build/iOS";
				INFOPLIST_FILE = applicationTests/Info.plist;
				IPHONEOS_DEPLOYMENT_TARGET = 10.3;
				LD_RUNPATH_SEARCH_PATHS = "$(inherited) @executable_path/Frameworks @loader_path/Frameworks";
				PRODUCT_BUNDLE_IDENTIFIER = com.rocketgarden.sampleApplicationTests;
				PRODUCT_NAME = "$(TARGET_NAME)";
				SWIFT_OBJC_BRIDGING_HEADER = "applicationTests/sampleApplicationTests-Bridging-Header.h";
				SWIFT_OPTIMIZATION_LEVEL = "-Onone";
				SWIFT_VERSION = 5.0;
				TEST_HOST = "$(BUILT_PRODUCTS_DIR)/sampleApplication.app/sampleApplication";
			};
			name = Debug;
		};
		DAE1C4611ECC669000B602EF /* Release */ = {
			isa = XCBuildConfiguration;
			buildSettings = {
				ALWAYS_EMBED_SWIFT_STANDARD_LIBRARIES = YES;
				BUNDLE_LOADER = "$(TEST_HOST)";
				CLANG_ANALYZER_NUMBER_OBJECT_CONVERSION = YES_AGGRESSIVE;
				CLANG_ENABLE_MODULES = YES;
				DEVELOPMENT_TEAM = 8YK5LLH2LY;
				FRAMEWORK_SEARCH_PATHS = "$(SRCROOT)/../Carthage/Build/iOS";
				INFOPLIST_FILE = applicationTests/Info.plist;
				IPHONEOS_DEPLOYMENT_TARGET = 10.3;
				LD_RUNPATH_SEARCH_PATHS = "$(inherited) @executable_path/Frameworks @loader_path/Frameworks";
				PRODUCT_BUNDLE_IDENTIFIER = com.rocketgarden.sampleApplicationTests;
				PRODUCT_NAME = "$(TARGET_NAME)";
				SWIFT_OBJC_BRIDGING_HEADER = "applicationTests/sampleApplicationTests-Bridging-Header.h";
				SWIFT_VERSION = 5.0;
				TEST_HOST = "$(BUILT_PRODUCTS_DIR)/sampleApplication.app/sampleApplication";
			};
			name = Release;
		};
		DAE7A40A1E8BDBED0094FDBB /* Debug */ = {
			isa = XCBuildConfiguration;
			buildSettings = {
				ALWAYS_SEARCH_USER_PATHS = NO;
				CLANG_ANALYZER_LOCALIZABILITY_NONLOCALIZED = YES;
				CLANG_ANALYZER_NONNULL = YES;
				CLANG_CXX_LANGUAGE_STANDARD = "gnu++0x";
				CLANG_CXX_LIBRARY = "libc++";
				CLANG_ENABLE_MODULES = YES;
				CLANG_ENABLE_OBJC_ARC = YES;
				CLANG_WARN_BLOCK_CAPTURE_AUTORELEASING = YES;
				CLANG_WARN_BOOL_CONVERSION = YES;
				CLANG_WARN_COMMA = YES;
				CLANG_WARN_CONSTANT_CONVERSION = YES;
				CLANG_WARN_DEPRECATED_OBJC_IMPLEMENTATIONS = YES;
				CLANG_WARN_DIRECT_OBJC_ISA_USAGE = YES_ERROR;
				CLANG_WARN_DOCUMENTATION_COMMENTS = YES;
				CLANG_WARN_EMPTY_BODY = YES;
				CLANG_WARN_ENUM_CONVERSION = YES;
				CLANG_WARN_INFINITE_RECURSION = YES;
				CLANG_WARN_INT_CONVERSION = YES;
				CLANG_WARN_NON_LITERAL_NULL_CONVERSION = YES;
				CLANG_WARN_OBJC_IMPLICIT_RETAIN_SELF = YES;
				CLANG_WARN_OBJC_LITERAL_CONVERSION = YES;
				CLANG_WARN_OBJC_ROOT_CLASS = YES_ERROR;
				CLANG_WARN_RANGE_LOOP_ANALYSIS = YES;
				CLANG_WARN_STRICT_PROTOTYPES = YES;
				CLANG_WARN_SUSPICIOUS_MOVE = YES;
				CLANG_WARN_UNREACHABLE_CODE = YES;
				CLANG_WARN__DUPLICATE_METHOD_MATCH = YES;
				"CODE_SIGN_IDENTITY[sdk=iphoneos*]" = "iPhone Developer";
				COPY_PHASE_STRIP = NO;
				CURRENT_PROJECT_VERSION = 1;
				DEBUG_INFORMATION_FORMAT = dwarf;
				ENABLE_STRICT_OBJC_MSGSEND = YES;
				ENABLE_TESTABILITY = YES;
				GCC_C_LANGUAGE_STANDARD = gnu99;
				GCC_DYNAMIC_NO_PIC = NO;
				GCC_NO_COMMON_BLOCKS = YES;
				GCC_OPTIMIZATION_LEVEL = 0;
				GCC_PREPROCESSOR_DEFINITIONS = (
					"DEBUG=1",
					"$(inherited)",
				);
				GCC_WARN_64_TO_32_BIT_CONVERSION = YES;
				GCC_WARN_ABOUT_RETURN_TYPE = YES_ERROR;
				GCC_WARN_UNDECLARED_SELECTOR = YES;
				GCC_WARN_UNINITIALIZED_AUTOS = YES_AGGRESSIVE;
				GCC_WARN_UNUSED_FUNCTION = YES;
				GCC_WARN_UNUSED_VARIABLE = YES;
				IPHONEOS_DEPLOYMENT_TARGET = 10.2;
				MTL_ENABLE_DEBUG_INFO = YES;
				ONLY_ACTIVE_ARCH = YES;
				SDKROOT = iphoneos;
				SWIFT_ACTIVE_COMPILATION_CONDITIONS = DEBUG;
				SWIFT_OPTIMIZATION_LEVEL = "-Onone";
				TARGETED_DEVICE_FAMILY = "1,2";
				VERSIONING_SYSTEM = "apple-generic";
				VERSION_INFO_PREFIX = "";
			};
			name = Debug;
		};
		DAE7A40B1E8BDBED0094FDBB /* Release */ = {
			isa = XCBuildConfiguration;
			buildSettings = {
				ALWAYS_SEARCH_USER_PATHS = NO;
				CLANG_ANALYZER_LOCALIZABILITY_NONLOCALIZED = YES;
				CLANG_ANALYZER_NONNULL = YES;
				CLANG_CXX_LANGUAGE_STANDARD = "gnu++0x";
				CLANG_CXX_LIBRARY = "libc++";
				CLANG_ENABLE_MODULES = YES;
				CLANG_ENABLE_OBJC_ARC = YES;
				CLANG_WARN_BLOCK_CAPTURE_AUTORELEASING = YES;
				CLANG_WARN_BOOL_CONVERSION = YES;
				CLANG_WARN_COMMA = YES;
				CLANG_WARN_CONSTANT_CONVERSION = YES;
				CLANG_WARN_DEPRECATED_OBJC_IMPLEMENTATIONS = YES;
				CLANG_WARN_DIRECT_OBJC_ISA_USAGE = YES_ERROR;
				CLANG_WARN_DOCUMENTATION_COMMENTS = YES;
				CLANG_WARN_EMPTY_BODY = YES;
				CLANG_WARN_ENUM_CONVERSION = YES;
				CLANG_WARN_INFINITE_RECURSION = YES;
				CLANG_WARN_INT_CONVERSION = YES;
				CLANG_WARN_NON_LITERAL_NULL_CONVERSION = YES;
				CLANG_WARN_OBJC_IMPLICIT_RETAIN_SELF = YES;
				CLANG_WARN_OBJC_LITERAL_CONVERSION = YES;
				CLANG_WARN_OBJC_ROOT_CLASS = YES_ERROR;
				CLANG_WARN_RANGE_LOOP_ANALYSIS = YES;
				CLANG_WARN_STRICT_PROTOTYPES = YES;
				CLANG_WARN_SUSPICIOUS_MOVE = YES;
				CLANG_WARN_UNREACHABLE_CODE = YES;
				CLANG_WARN__DUPLICATE_METHOD_MATCH = YES;
				"CODE_SIGN_IDENTITY[sdk=iphoneos*]" = "iPhone Developer";
				COPY_PHASE_STRIP = NO;
				CURRENT_PROJECT_VERSION = 1;
				DEBUG_INFORMATION_FORMAT = "dwarf-with-dsym";
				ENABLE_NS_ASSERTIONS = NO;
				ENABLE_STRICT_OBJC_MSGSEND = YES;
				GCC_C_LANGUAGE_STANDARD = gnu99;
				GCC_NO_COMMON_BLOCKS = YES;
				GCC_WARN_64_TO_32_BIT_CONVERSION = YES;
				GCC_WARN_ABOUT_RETURN_TYPE = YES_ERROR;
				GCC_WARN_UNDECLARED_SELECTOR = YES;
				GCC_WARN_UNINITIALIZED_AUTOS = YES_AGGRESSIVE;
				GCC_WARN_UNUSED_FUNCTION = YES;
				GCC_WARN_UNUSED_VARIABLE = YES;
				IPHONEOS_DEPLOYMENT_TARGET = 10.2;
				MTL_ENABLE_DEBUG_INFO = NO;
				SDKROOT = iphoneos;
				SWIFT_OPTIMIZATION_LEVEL = "-Owholemodule";
				TARGETED_DEVICE_FAMILY = "1,2";
				VALIDATE_PRODUCT = YES;
				VERSIONING_SYSTEM = "apple-generic";
				VERSION_INFO_PREFIX = "";
			};
			name = Release;
		};
		DAE7A40D1E8BDBED0094FDBB /* Debug */ = {
			isa = XCBuildConfiguration;
			buildSettings = {
				ALWAYS_EMBED_SWIFT_STANDARD_LIBRARIES = NO;
				CLANG_ENABLE_MODULES = YES;
				CODE_SIGN_IDENTITY = "iPhone Developer";
				"CODE_SIGN_IDENTITY[sdk=iphoneos*]" = "";
				DEFINES_MODULE = YES;
				DEVELOPMENT_TEAM = 8YK5LLH2LY;
				DYLIB_COMPATIBILITY_VERSION = 1;
				DYLIB_CURRENT_VERSION = 1;
				DYLIB_INSTALL_NAME_BASE = "@rpath";
				ENABLE_BITCODE = YES;
				FRAMEWORK_SEARCH_PATHS = "$(SRCROOT)/../Carthage/Build/iOS/";
				INFOPLIST_FILE = "$(SRCROOT)/framework/Info.plist";
				INSTALL_PATH = "$(LOCAL_LIBRARY_DIR)/Frameworks";
				IPHONEOS_DEPLOYMENT_TARGET = 10.0;
				LD_RUNPATH_SEARCH_PATHS = "$(inherited) @executable_path/Frameworks @loader_path/Frameworks";
				ONLY_ACTIVE_ARCH = NO;
				PRODUCT_BUNDLE_IDENTIFIER = com.rocketgardenlabs.frameworkstarter;
				PRODUCT_NAME = "$(TARGET_NAME)";
				SKIP_INSTALL = YES;
				SWIFT_OPTIMIZATION_LEVEL = "-Onone";
				SWIFT_VERSION = 5.0;
				TARGETED_DEVICE_FAMILY = "1,2";
			};
			name = Debug;
		};
		DAE7A40E1E8BDBED0094FDBB /* Release */ = {
			isa = XCBuildConfiguration;
			buildSettings = {
				ALWAYS_EMBED_SWIFT_STANDARD_LIBRARIES = NO;
				CLANG_ENABLE_MODULES = YES;
				CODE_SIGN_IDENTITY = "iPhone Developer";
				"CODE_SIGN_IDENTITY[sdk=iphoneos*]" = "";
				DEFINES_MODULE = YES;
				DEVELOPMENT_TEAM = 8YK5LLH2LY;
				DYLIB_COMPATIBILITY_VERSION = 1;
				DYLIB_CURRENT_VERSION = 1;
				DYLIB_INSTALL_NAME_BASE = "@rpath";
				ENABLE_BITCODE = YES;
				FRAMEWORK_SEARCH_PATHS = "$(SRCROOT)/../Carthage/Build/iOS/";
				INFOPLIST_FILE = "$(SRCROOT)/framework/Info.plist";
				INSTALL_PATH = "$(LOCAL_LIBRARY_DIR)/Frameworks";
				IPHONEOS_DEPLOYMENT_TARGET = 10.0;
				LD_RUNPATH_SEARCH_PATHS = "$(inherited) @executable_path/Frameworks @loader_path/Frameworks";
				ONLY_ACTIVE_ARCH = NO;
				PRODUCT_BUNDLE_IDENTIFIER = com.rocketgardenlabs.frameworkstarter;
				PRODUCT_NAME = "$(TARGET_NAME)";
				SKIP_INSTALL = YES;
				SWIFT_VERSION = 5.0;
				TARGETED_DEVICE_FAMILY = "1,2";
			};
			name = Release;
		};
/* End XCBuildConfiguration section */

/* Begin XCConfigurationList section */
		DAE1C44C1ECC630C00B602EF /* Build configuration list for PBXNativeTarget "sampleApplication" */ = {
			isa = XCConfigurationList;
			buildConfigurations = (
				DAE1C44D1ECC630C00B602EF /* Debug */,
				DAE1C44E1ECC630C00B602EF /* Release */,
			);
			defaultConfigurationIsVisible = 0;
			defaultConfigurationName = Release;
		};
		DAE1C45F1ECC669000B602EF /* Build configuration list for PBXNativeTarget "sampleApplicationTests" */ = {
			isa = XCConfigurationList;
			buildConfigurations = (
				DAE1C4601ECC669000B602EF /* Debug */,
				DAE1C4611ECC669000B602EF /* Release */,
			);
			defaultConfigurationIsVisible = 0;
			defaultConfigurationName = Release;
		};
		DAE7A3F21E8BDBED0094FDBB /* Build configuration list for PBXProject "rgimporter" */ = {
			isa = XCConfigurationList;
			buildConfigurations = (
				DAE7A40A1E8BDBED0094FDBB /* Debug */,
				DAE7A40B1E8BDBED0094FDBB /* Release */,
			);
			defaultConfigurationIsVisible = 0;
			defaultConfigurationName = Release;
		};
		DAE7A40C1E8BDBED0094FDBB /* Build configuration list for PBXNativeTarget "frameworkstarter" */ = {
			isa = XCConfigurationList;
			buildConfigurations = (
				DAE7A40D1E8BDBED0094FDBB /* Debug */,
				DAE7A40E1E8BDBED0094FDBB /* Release */,
			);
			defaultConfigurationIsVisible = 0;
			defaultConfigurationName = Release;
		};
/* End XCConfigurationList section */
	};
	rootObject = DAE7A3EF1E8BDBED0094FDBB /* Project object */;
}
